// !$*UTF8*$!
{
	archiveVersion = 1;
	classes = {
	};
	objectVersion = 46;
	objects = {

/* Begin PBXBuildFile section */
		444583B21C7E2A5600FDAC3A /* AppDelegate.swift in Sources */ = {isa = PBXBuildFile; fileRef = 444583B11C7E2A5600FDAC3A /* AppDelegate.swift */; };
		444583B41C7E2A5600FDAC3A /* ViewController.swift in Sources */ = {isa = PBXBuildFile; fileRef = 444583B31C7E2A5600FDAC3A /* ViewController.swift */; };
		444583B71C7E2A5600FDAC3A /* Main.storyboard in Resources */ = {isa = PBXBuildFile; fileRef = 444583B51C7E2A5600FDAC3A /* Main.storyboard */; };
		444583B91C7E2A5600FDAC3A /* Assets.xcassets in Resources */ = {isa = PBXBuildFile; fileRef = 444583B81C7E2A5600FDAC3A /* Assets.xcassets */; };
		444583BC1C7E2A5600FDAC3A /* LaunchScreen.storyboard in Resources */ = {isa = PBXBuildFile; fileRef = 444583BA1C7E2A5600FDAC3A /* LaunchScreen.storyboard */; };
		444583C91C7E2DB300FDAC3A /* LLSwipeCell.swift in Sources */ = {isa = PBXBuildFile; fileRef = 444583C81C7E2DB300FDAC3A /* LLSwipeCell.swift */; };
/* End PBXBuildFile section */

/* Begin PBXFileReference section */
		444583AE1C7E2A5600FDAC3A /* LLSwipeCell.app */ = {isa = PBXFileReference; explicitFileType = wrapper.application; includeInIndex = 0; path = LLSwipeCell.app; sourceTree = BUILT_PRODUCTS_DIR; };
		444583B11C7E2A5600FDAC3A /* AppDelegate.swift */ = {isa = PBXFileReference; lastKnownFileType = sourcecode.swift; path = AppDelegate.swift; sourceTree = "<group>"; };
		444583B31C7E2A5600FDAC3A /* ViewController.swift */ = {isa = PBXFileReference; lastKnownFileType = sourcecode.swift; path = ViewController.swift; sourceTree = "<group>"; };
		444583B61C7E2A5600FDAC3A /* Base */ = {isa = PBXFileReference; lastKnownFileType = file.storyboard; name = Base; path = Base.lproj/Main.storyboard; sourceTree = "<group>"; };
		444583B81C7E2A5600FDAC3A /* Assets.xcassets */ = {isa = PBXFileReference; lastKnownFileType = folder.assetcatalog; path = Assets.xcassets; sourceTree = "<group>"; };
		444583BB1C7E2A5600FDAC3A /* Base */ = {isa = PBXFileReference; lastKnownFileType = file.storyboard; name = Base; path = Base.lproj/LaunchScreen.storyboard; sourceTree = "<group>"; };
		444583BD1C7E2A5600FDAC3A /* Info.plist */ = {isa = PBXFileReference; lastKnownFileType = text.plist.xml; path = Info.plist; sourceTree = "<group>"; };
		444583C81C7E2DB300FDAC3A /* LLSwipeCell.swift */ = {isa = PBXFileReference; fileEncoding = 4; lastKnownFileType = sourcecode.swift; path = LLSwipeCell.swift; sourceTree = "<group>"; };
/* End PBXFileReference section */

/* Begin PBXFrameworksBuildPhase section */
		444583AB1C7E2A5600FDAC3A /* Frameworks */ = {
			isa = PBXFrameworksBuildPhase;
			buildActionMask = 2147483647;
			files = (
			);
			runOnlyForDeploymentPostprocessing = 0;
		};
/* End PBXFrameworksBuildPhase section */

/* Begin PBXGroup section */
		444583A51C7E2A5600FDAC3A = {
			isa = PBXGroup;
			children = (
				444583C71C7E2DA200FDAC3A /* LLSwipeCell */,
				444583B01C7E2A5600FDAC3A /* Demo */,
				444583AF1C7E2A5600FDAC3A /* Products */,
			);
			sourceTree = "<group>";
		};
		444583AF1C7E2A5600FDAC3A /* Products */ = {
			isa = PBXGroup;
			children = (
				444583AE1C7E2A5600FDAC3A /* LLSwipeCell.app */,
			);
			name = Products;
			sourceTree = "<group>";
		};
		444583B01C7E2A5600FDAC3A /* Demo */ = {
			isa = PBXGroup;
			children = (
				444583B11C7E2A5600FDAC3A /* AppDelegate.swift */,
				444583B31C7E2A5600FDAC3A /* ViewController.swift */,
				444583B51C7E2A5600FDAC3A /* Main.storyboard */,
				444583B81C7E2A5600FDAC3A /* Assets.xcassets */,
				444583BA1C7E2A5600FDAC3A /* LaunchScreen.storyboard */,
				444583BD1C7E2A5600FDAC3A /* Info.plist */,
			);
			path = Demo;
			sourceTree = "<group>";
		};
		444583C71C7E2DA200FDAC3A /* LLSwipeCell */ = {
			isa = PBXGroup;
			children = (
				444583C81C7E2DB300FDAC3A /* LLSwipeCell.swift */,
			);
			path = LLSwipeCell;
			sourceTree = "<group>";
		};
/* End PBXGroup section */

/* Begin PBXNativeTarget section */
		444583AD1C7E2A5600FDAC3A /* LLSwipeCell */ = {
			isa = PBXNativeTarget;
			buildConfigurationList = 444583C01C7E2A5600FDAC3A /* Build configuration list for PBXNativeTarget "LLSwipeCell" */;
			buildPhases = (
				444583AA1C7E2A5600FDAC3A /* Sources */,
				444583AB1C7E2A5600FDAC3A /* Frameworks */,
				444583AC1C7E2A5600FDAC3A /* Resources */,
			);
			buildRules = (
			);
			dependencies = (
			);
			name = LLSwipeCell;
			productName = LLSwipeCell;
			productReference = 444583AE1C7E2A5600FDAC3A /* LLSwipeCell.app */;
			productType = "com.apple.product-type.application";
		};
/* End PBXNativeTarget section */

/* Begin PBXProject section */
		444583A61C7E2A5600FDAC3A /* Project object */ = {
			isa = PBXProject;
			attributes = {
				LastSwiftUpdateCheck = 0720;
				LastUpgradeCheck = 0720;
				ORGANIZATIONNAME = "Eugene Ovchynnykov";
				TargetAttributes = {
					444583AD1C7E2A5600FDAC3A = {
						CreatedOnToolsVersion = 7.2.1;
					};
				};
			};
			buildConfigurationList = 444583A91C7E2A5600FDAC3A /* Build configuration list for PBXProject "LLSwipeCell" */;
			compatibilityVersion = "Xcode 3.2";
			developmentRegion = English;
			hasScannedForEncodings = 0;
			knownRegions = (
				en,
				Base,
			);
			mainGroup = 444583A51C7E2A5600FDAC3A;
			productRefGroup = 444583AF1C7E2A5600FDAC3A /* Products */;
			projectDirPath = "";
			projectRoot = "";
			targets = (
				444583AD1C7E2A5600FDAC3A /* LLSwipeCell */,
			);
		};
/* End PBXProject section */

/* Begin PBXResourcesBuildPhase section */
		444583AC1C7E2A5600FDAC3A /* Resources */ = {
			isa = PBXResourcesBuildPhase;
			buildActionMask = 2147483647;
			files = (
				444583BC1C7E2A5600FDAC3A /* LaunchScreen.storyboard in Resources */,
				444583B91C7E2A5600FDAC3A /* Assets.xcassets in Resources */,
				444583B71C7E2A5600FDAC3A /* Main.storyboard in Resources */,
			);
			runOnlyForDeploymentPostprocessing = 0;
		};
/* End PBXResourcesBuildPhase section */

/* Begin PBXSourcesBuildPhase section */
		444583AA1C7E2A5600FDAC3A /* Sources */ = {
			isa = PBXSourcesBuildPhase;
			buildActionMask = 2147483647;
			files = (
				444583B41C7E2A5600FDAC3A /* ViewController.swift in Sources */,
				444583C91C7E2DB300FDAC3A /* LLSwipeCell.swift in Sources */,
				444583B21C7E2A5600FDAC3A /* AppDelegate.swift in Sources */,
			);
			runOnlyForDeploymentPostprocessing = 0;
		};
/* End PBXSourcesBuildPhase section */

/* Begin PBXVariantGroup section */
		444583B51C7E2A5600FDAC3A /* Main.storyboard */ = {
			isa = PBXVariantGroup;
			children = (
				444583B61C7E2A5600FDAC3A /* Base */,
			);
			name = Main.storyboard;
			sourceTree = "<group>";
		};
		444583BA1C7E2A5600FDAC3A /* LaunchScreen.storyboard */ = {
			isa = PBXVariantGroup;
			children = (
				444583BB1C7E2A5600FDAC3A /* Base */,
			);
			name = LaunchScreen.storyboard;
			sourceTree = "<group>";
		};
/* End PBXVariantGroup section */

/* Begin XCBuildConfiguration section */
		444583BE1C7E2A5600FDAC3A /* Debug */ = {
			isa = XCBuildConfiguration;
			buildSettings = {
				ALWAYS_SEARCH_USER_PATHS = NO;
				CLANG_CXX_LANGUAGE_STANDARD = "gnu++0x";
				CLANG_CXX_LIBRARY = "libc++";
				CLANG_ENABLE_MODULES = YES;
				CLANG_ENABLE_OBJC_ARC = YES;
				CLANG_WARN_BOOL_CONVERSION = YES;
				CLANG_WARN_CONSTANT_CONVERSION = YES;
				CLANG_WARN_DIRECT_OBJC_ISA_USAGE = YES_ERROR;
				CLANG_WARN_EMPTY_BODY = YES;
				CLANG_WARN_ENUM_CONVERSION = YES;
				CLANG_WARN_INT_CONVERSION = YES;
				CLANG_WARN_OBJC_ROOT_CLASS = YES_ERROR;
				CLANG_WARN_UNREACHABLE_CODE = YES;
				CLANG_WARN__DUPLICATE_METHOD_MATCH = YES;
				"CODE_SIGN_IDENTITY[sdk=iphoneos*]" = "iPhone Developer";
				COPY_PHASE_STRIP = NO;
				DEBUG_INFORMATION_FORMAT = dwarf;
				ENABLE_STRICT_OBJC_MSGSEND = YES;
				ENABLE_TESTABILITY = YES;
				GCC_C_LANGUAGE_STANDARD = gnu99;
				GCC_DYNAMIC_NO_PIC = NO;
				GCC_NO_COMMON_BLOCKS = YES;
				GCC_OPTIMIZATION_LEVEL = 0;
				GCC_PREPROCESSOR_DEFINITIONS = (
					"DEBUG=1",
					"$(inherited)",
				);
				GCC_WARN_64_TO_32_BIT_CONVERSION = YES;
				GCC_WARN_ABOUT_RETURN_TYPE = YES_ERROR;
				GCC_WARN_UNDECLARED_SELECTOR = YES;
				GCC_WARN_UNINITIALIZED_AUTOS = YES_AGGRESSIVE;
				GCC_WARN_UNUSED_FUNCTION = YES;
				GCC_WARN_UNUSED_VARIABLE = YES;
				IPHONEOS_DEPLOYMENT_TARGET = 9.2;
				MTL_ENABLE_DEBUG_INFO = YES;
				ONLY_ACTIVE_ARCH = YES;
				SDKROOT = iphoneos;
				SWIFT_OPTIMIZATION_LEVEL = "-Onone";
				TARGETED_DEVICE_FAMILY = "1,2";
			};
			name = Debug;
		};
		444583BF1C7E2A5600FDAC3A /* Release */ = {
			isa = XCBuildConfiguration;
			buildSettings = {
				ALWAYS_SEARCH_USER_PATHS = NO;
				CLANG_CXX_LANGUAGE_STANDARD = "gnu++0x";
				CLANG_CXX_LIBRARY = "libc++";
				CLANG_ENABLE_MODULES = YES;
				CLANG_ENABLE_OBJC_ARC = YES;
				CLANG_WARN_BOOL_CONVERSION = YES;
				CLANG_WARN_CONSTANT_CONVERSION = YES;
				CLANG_WARN_DIRECT_OBJC_ISA_USAGE = YES_ERROR;
				CLANG_WARN_EMPTY_BODY = YES;
				CLANG_WARN_ENUM_CONVERSION = YES;
				CLANG_WARN_INT_CONVERSION = YES;
				CLANG_WARN_OBJC_ROOT_CLASS = YES_ERROR;
				CLANG_WARN_UNREACHABLE_CODE = YES;
				CLANG_WARN__DUPLICATE_METHOD_MATCH = YES;
				"CODE_SIGN_IDENTITY[sdk=iphoneos*]" = "iPhone Developer";
				COPY_PHASE_STRIP = NO;
				DEBUG_INFORMATION_FORMAT = "dwarf-with-dsym";
				ENABLE_NS_ASSERTIONS = NO;
				ENABLE_STRICT_OBJC_MSGSEND = YES;
				GCC_C_LANGUAGE_STANDARD = gnu99;
				GCC_NO_COMMON_BLOCKS = YES;
				GCC_WARN_64_TO_32_BIT_CONVERSION = YES;
				GCC_WARN_ABOUT_RETURN_TYPE = YES_ERROR;
				GCC_WARN_UNDECLARED_SELECTOR = YES;
				GCC_WARN_UNINITIALIZED_AUTOS = YES_AGGRESSIVE;
				GCC_WARN_UNUSED_FUNCTION = YES;
				GCC_WARN_UNUSED_VARIABLE = YES;
				IPHONEOS_DEPLOYMENT_TARGET = 9.2;
				MTL_ENABLE_DEBUG_INFO = NO;
				SDKROOT = iphoneos;
				TARGETED_DEVICE_FAMILY = "1,2";
				VALIDATE_PRODUCT = YES;
			};
			name = Release;
		};
		444583C11C7E2A5600FDAC3A /* Debug */ = {
			isa = XCBuildConfiguration;
			buildSettings = {
				ASSETCATALOG_COMPILER_APPICON_NAME = AppIcon;
				INFOPLIST_FILE = "$(SRCROOT)/Demo/Info.plist";
				LD_RUNPATH_SEARCH_PATHS = "$(inherited) @executable_path/Frameworks";
				PRODUCT_BUNDLE_IDENTIFIER = VoidCore.LLSwipeCell;
				PRODUCT_NAME = "$(TARGET_NAME)";
			};
			name = Debug;
		};
		444583C21C7E2A5600FDAC3A /* Release */ = {
			isa = XCBuildConfiguration;
			buildSettings = {
				ASSETCATALOG_COMPILER_APPICON_NAME = AppIcon;
				INFOPLIST_FILE = "$(SRCROOT)/Demo/Info.plist";
				LD_RUNPATH_SEARCH_PATHS = "$(inherited) @executable_path/Frameworks";
				PRODUCT_BUNDLE_IDENTIFIER = VoidCore.LLSwipeCell;
				PRODUCT_NAME = "$(TARGET_NAME)";
			};
			name = Release;
		};
/* End XCBuildConfiguration section */

/* Begin XCConfigurationList section */
		444583A91C7E2A5600FDAC3A /* Build configuration list for PBXProject "LLSwipeCell" */ = {
			isa = XCConfigurationList;
			buildConfigurations = (
				444583BE1C7E2A5600FDAC3A /* Debug */,
				444583BF1C7E2A5600FDAC3A /* Release */,
			);
			defaultConfigurationIsVisible = 0;
			defaultConfigurationName = Release;
		};
		444583C01C7E2A5600FDAC3A /* Build configuration list for PBXNativeTarget "LLSwipeCell" */ = {
			isa = XCConfigurationList;
			buildConfigurations = (
				444583C11C7E2A5600FDAC3A /* Debug */,
				444583C21C7E2A5600FDAC3A /* Release */,
			);
			defaultConfigurationIsVisible = 0;
		};
/* End XCConfigurationList section */
	};
	rootObject = 444583A61C7E2A5600FDAC3A /* Project object */;
}
